// !$*UTF8*$!
{
	archiveVersion = 1;
	classes = {
	};
	objectVersion = 46;
	objects = {

/* Begin PBXBuildFile section */
		AE9999681499FCF100DA64D1 /* Foundation.framework in Frameworks */ = {isa = PBXBuildFile; fileRef = AE9999671499FCF100DA64D1 /* Foundation.framework */; };
		AE9999BC1499FD7E00DA64D1 /* SVGLocatable.h in Headers */ = {isa = PBXBuildFile; fileRef = AE99997A1499FD7E00DA64D1 /* SVGLocatable.h */; };
		AE9999BD1499FD7E00DA64D1 /* SVGLocatable.m in Sources */ = {isa = PBXBuildFile; fileRef = AE99997B1499FD7E00DA64D1 /* SVGLocatable.m */; };
		AE9999BE1499FD7E00DA64D1 /* SVGPattern.h in Headers */ = {isa = PBXBuildFile; fileRef = AE99997C1499FD7E00DA64D1 /* SVGPattern.h */; };
		AE9999BF1499FD7E00DA64D1 /* SVGPattern.m in Sources */ = {isa = PBXBuildFile; fileRef = AE99997D1499FD7E00DA64D1 /* SVGPattern.m */; };
		AE9999C01499FD7E00DA64D1 /* SVGStylableProtocol.h in Headers */ = {isa = PBXBuildFile; fileRef = AE99997E1499FD7E00DA64D1 /* SVGStylableProtocol.h */; };
		AE9999C11499FD7E00DA64D1 /* SVGStyleDeclaration.h in Headers */ = {isa = PBXBuildFile; fileRef = AE99997F1499FD7E00DA64D1 /* SVGStyleDeclaration.h */; };
		AE9999C21499FD7E00DA64D1 /* SVGStyleDeclaration.m in Sources */ = {isa = PBXBuildFile; fileRef = AE9999801499FD7E00DA64D1 /* SVGStyleDeclaration.m */; };
		AE9999C31499FD7E00DA64D1 /* SVGTransformableProtocol.h in Headers */ = {isa = PBXBuildFile; fileRef = AE9999811499FD7E00DA64D1 /* SVGTransformableProtocol.h */; };
		AE9999C41499FD7E00DA64D1 /* CGPathAdditions.h in Headers */ = {isa = PBXBuildFile; fileRef = AE9999821499FD7E00DA64D1 /* CGPathAdditions.h */; };
		AE9999C51499FD7E00DA64D1 /* CGPathAdditions.m in Sources */ = {isa = PBXBuildFile; fileRef = AE9999831499FD7E00DA64D1 /* CGPathAdditions.m */; };
		AE9999C61499FD7E00DA64D1 /* SVGImageElement.h in Headers */ = {isa = PBXBuildFile; fileRef = AE9999851499FD7E00DA64D1 /* SVGImageElement.h */; };
		AE9999C71499FD7E00DA64D1 /* SVGImageElement.m in Sources */ = {isa = PBXBuildFile; fileRef = AE9999861499FD7E00DA64D1 /* SVGImageElement.m */; };
		AE9999C81499FD7E00DA64D1 /* SVGParser.h in Headers */ = {isa = PBXBuildFile; fileRef = AE9999881499FD7E00DA64D1 /* SVGParser.h */; };
		AE9999C91499FD7E00DA64D1 /* SVGParser.m in Sources */ = {isa = PBXBuildFile; fileRef = AE9999891499FD7E00DA64D1 /* SVGParser.m */; };
		AE9999CA1499FD7E00DA64D1 /* SVGPathElement.h in Headers */ = {isa = PBXBuildFile; fileRef = AE99998B1499FD7E00DA64D1 /* SVGPathElement.h */; };
		AE9999CB1499FD7E00DA64D1 /* SVGPathElement.m in Sources */ = {isa = PBXBuildFile; fileRef = AE99998C1499FD7E00DA64D1 /* SVGPathElement.m */; };
		AE9999CC1499FD7E00DA64D1 /* SVGCircleElement.h in Headers */ = {isa = PBXBuildFile; fileRef = AE99998E1499FD7E00DA64D1 /* SVGCircleElement.h */; };
		AE9999CD1499FD7E00DA64D1 /* SVGCircleElement.m in Sources */ = {isa = PBXBuildFile; fileRef = AE99998F1499FD7E00DA64D1 /* SVGCircleElement.m */; };
		AE9999CE1499FD7E00DA64D1 /* SVGEllipseElement.h in Headers */ = {isa = PBXBuildFile; fileRef = AE9999901499FD7E00DA64D1 /* SVGEllipseElement.h */; };
		AE9999CF1499FD7E00DA64D1 /* SVGEllipseElement.m in Sources */ = {isa = PBXBuildFile; fileRef = AE9999911499FD7E00DA64D1 /* SVGEllipseElement.m */; };
		AE9999D01499FD7E00DA64D1 /* SVGLineElement.h in Headers */ = {isa = PBXBuildFile; fileRef = AE9999921499FD7E00DA64D1 /* SVGLineElement.h */; };
		AE9999D11499FD7E00DA64D1 /* SVGLineElement.m in Sources */ = {isa = PBXBuildFile; fileRef = AE9999931499FD7E00DA64D1 /* SVGLineElement.m */; };
		AE9999D21499FD7E00DA64D1 /* SVGPolygonElement.h in Headers */ = {isa = PBXBuildFile; fileRef = AE9999941499FD7E00DA64D1 /* SVGPolygonElement.h */; };
		AE9999D31499FD7E00DA64D1 /* SVGPolygonElement.m in Sources */ = {isa = PBXBuildFile; fileRef = AE9999951499FD7E00DA64D1 /* SVGPolygonElement.m */; };
		AE9999D41499FD7E00DA64D1 /* SVGPolylineElement.h in Headers */ = {isa = PBXBuildFile; fileRef = AE9999961499FD7E00DA64D1 /* SVGPolylineElement.h */; };
		AE9999D51499FD7E00DA64D1 /* SVGPolylineElement.m in Sources */ = {isa = PBXBuildFile; fileRef = AE9999971499FD7E00DA64D1 /* SVGPolylineElement.m */; };
		AE9999D61499FD7E00DA64D1 /* SVGRectElement.h in Headers */ = {isa = PBXBuildFile; fileRef = AE9999981499FD7E00DA64D1 /* SVGRectElement.h */; };
		AE9999D71499FD7E00DA64D1 /* SVGRectElement.m in Sources */ = {isa = PBXBuildFile; fileRef = AE9999991499FD7E00DA64D1 /* SVGRectElement.m */; };
		AE9999D81499FD7E00DA64D1 /* SVGDefsElement.h in Headers */ = {isa = PBXBuildFile; fileRef = AE99999A1499FD7E00DA64D1 /* SVGDefsElement.h */; };
		AE9999D91499FD7E00DA64D1 /* SVGDefsElement.m in Sources */ = {isa = PBXBuildFile; fileRef = AE99999B1499FD7E00DA64D1 /* SVGDefsElement.m */; };
		AE9999DA1499FD7E00DA64D1 /* SVGDescriptionElement.h in Headers */ = {isa = PBXBuildFile; fileRef = AE99999C1499FD7E00DA64D1 /* SVGDescriptionElement.h */; };
		AE9999DB1499FD7E00DA64D1 /* SVGDescriptionElement.m in Sources */ = {isa = PBXBuildFile; fileRef = AE99999D1499FD7E00DA64D1 /* SVGDescriptionElement.m */; };
		AE9999DC1499FD7E00DA64D1 /* SVGDocument.h in Headers */ = {isa = PBXBuildFile; fileRef = AE99999E1499FD7E00DA64D1 /* SVGDocument.h */; };
		AE9999DD1499FD7E00DA64D1 /* SVGDocument.m in Sources */ = {isa = PBXBuildFile; fileRef = AE99999F1499FD7E00DA64D1 /* SVGDocument.m */; };
		AE9999DE1499FD7E00DA64D1 /* SVGElement+Private.h in Headers */ = {isa = PBXBuildFile; fileRef = AE9999A01499FD7E00DA64D1 /* SVGElement+Private.h */; };
		AE9999DF1499FD7E00DA64D1 /* SVGElement.h in Headers */ = {isa = PBXBuildFile; fileRef = AE9999A11499FD7E00DA64D1 /* SVGElement.h */; };
		AE9999E01499FD7E00DA64D1 /* SVGElement.m in Sources */ = {isa = PBXBuildFile; fileRef = AE9999A21499FD7E00DA64D1 /* SVGElement.m */; };
		AE9999E11499FD7E00DA64D1 /* SVGGroupElement.h in Headers */ = {isa = PBXBuildFile; fileRef = AE9999A31499FD7E00DA64D1 /* SVGGroupElement.h */; };
		AE9999E21499FD7E00DA64D1 /* SVGGroupElement.m in Sources */ = {isa = PBXBuildFile; fileRef = AE9999A41499FD7E00DA64D1 /* SVGGroupElement.m */; };
		AE9999E31499FD7E00DA64D1 /* SVGKit.h in Headers */ = {isa = PBXBuildFile; fileRef = AE9999A51499FD7E00DA64D1 /* SVGKit.h */; };
		AE9999E41499FD7E00DA64D1 /* SVGShapeElement+Private.h in Headers */ = {isa = PBXBuildFile; fileRef = AE9999A61499FD7E00DA64D1 /* SVGShapeElement+Private.h */; };
		AE9999E51499FD7E00DA64D1 /* SVGShapeElement.h in Headers */ = {isa = PBXBuildFile; fileRef = AE9999A71499FD7E00DA64D1 /* SVGShapeElement.h */; };
		AE9999E61499FD7E00DA64D1 /* SVGShapeElement.m in Sources */ = {isa = PBXBuildFile; fileRef = AE9999A81499FD7E00DA64D1 /* SVGShapeElement.m */; };
		AE9999E71499FD7E00DA64D1 /* SVGTests.h in Headers */ = {isa = PBXBuildFile; fileRef = AE9999A91499FD7E00DA64D1 /* SVGTests.h */; };
		AE9999E81499FD7E00DA64D1 /* SVGTitleElement.h in Headers */ = {isa = PBXBuildFile; fileRef = AE9999AA1499FD7E00DA64D1 /* SVGTitleElement.h */; };
		AE9999E91499FD7E00DA64D1 /* SVGTitleElement.m in Sources */ = {isa = PBXBuildFile; fileRef = AE9999AB1499FD7E00DA64D1 /* SVGTitleElement.m */; };
		AE9999EA1499FD7E00DA64D1 /* SVGUtils.h in Headers */ = {isa = PBXBuildFile; fileRef = AE9999AC1499FD7E00DA64D1 /* SVGUtils.h */; };
		AE9999EB1499FD7E00DA64D1 /* SVGUtils.m in Sources */ = {isa = PBXBuildFile; fileRef = AE9999AD1499FD7E00DA64D1 /* SVGUtils.m */; };
		AE9999EC1499FD7E00DA64D1 /* SVGTextElement.h in Headers */ = {isa = PBXBuildFile; fileRef = AE9999AF1499FD7E00DA64D1 /* SVGTextElement.h */; };
		AE9999ED1499FD7E00DA64D1 /* SVGTextElement.m in Sources */ = {isa = PBXBuildFile; fileRef = AE9999B01499FD7E00DA64D1 /* SVGTextElement.m */; };
		AE9999EE1499FD7E00DA64D1 /* SVGTSpanElement.h in Headers */ = {isa = PBXBuildFile; fileRef = AE9999B11499FD7E00DA64D1 /* SVGTSpanElement.h */; };
		AE9999EF1499FD7E00DA64D1 /* SVGTSpanElement.m in Sources */ = {isa = PBXBuildFile; fileRef = AE9999B21499FD7E00DA64D1 /* SVGTSpanElement.m */; };
		AE9999F01499FD7E00DA64D1 /* SVGBackgroundLayer.h in Headers */ = {isa = PBXBuildFile; fileRef = AE9999B41499FD7E00DA64D1 /* SVGBackgroundLayer.h */; };
		AE9999F11499FD7E00DA64D1 /* SVGBackgroundLayer.m in Sources */ = {isa = PBXBuildFile; fileRef = AE9999B51499FD7E00DA64D1 /* SVGBackgroundLayer.m */; };
		AE9999F21499FD7E00DA64D1 /* SVGElementLayer.h in Headers */ = {isa = PBXBuildFile; fileRef = AE9999B61499FD7E00DA64D1 /* SVGElementLayer.h */; };
		AE9999F31499FD7E00DA64D1 /* SVGElementLayer.m in Sources */ = {isa = PBXBuildFile; fileRef = AE9999B71499FD7E00DA64D1 /* SVGElementLayer.m */; };
		AE9999F41499FD7E00DA64D1 /* SVGTiledLayer.h in Headers */ = {isa = PBXBuildFile; fileRef = AE9999B81499FD7E00DA64D1 /* SVGTiledLayer.h */; };
		AE9999F51499FD7E00DA64D1 /* SVGTiledLayer.m in Sources */ = {isa = PBXBuildFile; fileRef = AE9999B91499FD7E00DA64D1 /* SVGTiledLayer.m */; };
		AE9999F61499FD7E00DA64D1 /* SVGView.h in Headers */ = {isa = PBXBuildFile; fileRef = AE9999BA1499FD7E00DA64D1 /* SVGView.h */; };
		AE9999F71499FD7E00DA64D1 /* SVGView.m in Sources */ = {isa = PBXBuildFile; fileRef = AE9999BB1499FD7E00DA64D1 /* SVGView.m */; };
		AE9999F91499FDD900DA64D1 /* QuartzCore.framework in Frameworks */ = {isa = PBXBuildFile; fileRef = AE9999F81499FDD900DA64D1 /* QuartzCore.framework */; };
		AE9999FB1499FDF100DA64D1 /* CoreGraphics.framework in Frameworks */ = {isa = PBXBuildFile; fileRef = AE9999FA1499FDF100DA64D1 /* CoreGraphics.framework */; };
		AE999A011499FEA300DA64D1 /* UIKit.framework in Frameworks */ = {isa = PBXBuildFile; fileRef = AE999A001499FEA300DA64D1 /* UIKit.framework */; };
/* End PBXBuildFile section */

/* Begin PBXFileReference section */
		AE9999641499FCF100DA64D1 /* libSVGKit.a */ = {isa = PBXFileReference; explicitFileType = archive.ar; includeInIndex = 0; path = libSVGKit.a; sourceTree = BUILT_PRODUCTS_DIR; };
		AE9999671499FCF100DA64D1 /* Foundation.framework */ = {isa = PBXFileReference; lastKnownFileType = wrapper.framework; name = Foundation.framework; path = System/Library/Frameworks/Foundation.framework; sourceTree = SDKROOT; };
		AE99996B1499FCF100DA64D1 /* SVGKit-Prefix.pch */ = {isa = PBXFileReference; lastKnownFileType = sourcecode.c.h; path = "SVGKit-Prefix.pch"; sourceTree = "<group>"; };
		AE99997A1499FD7E00DA64D1 /* SVGLocatable.h */ = {isa = PBXFileReference; fileEncoding = 4; lastKnownFileType = sourcecode.c.h; path = SVGLocatable.h; sourceTree = "<group>"; };
		AE99997B1499FD7E00DA64D1 /* SVGLocatable.m */ = {isa = PBXFileReference; fileEncoding = 4; lastKnownFileType = sourcecode.c.objc; path = SVGLocatable.m; sourceTree = "<group>"; };
		AE99997C1499FD7E00DA64D1 /* SVGPattern.h */ = {isa = PBXFileReference; fileEncoding = 4; lastKnownFileType = sourcecode.c.h; path = SVGPattern.h; sourceTree = "<group>"; };
		AE99997D1499FD7E00DA64D1 /* SVGPattern.m */ = {isa = PBXFileReference; fileEncoding = 4; lastKnownFileType = sourcecode.c.objc; path = SVGPattern.m; sourceTree = "<group>"; };
		AE99997E1499FD7E00DA64D1 /* SVGStylableProtocol.h */ = {isa = PBXFileReference; fileEncoding = 4; lastKnownFileType = sourcecode.c.h; path = SVGStylableProtocol.h; sourceTree = "<group>"; };
		AE99997F1499FD7E00DA64D1 /* SVGStyleDeclaration.h */ = {isa = PBXFileReference; fileEncoding = 4; lastKnownFileType = sourcecode.c.h; path = SVGStyleDeclaration.h; sourceTree = "<group>"; };
		AE9999801499FD7E00DA64D1 /* SVGStyleDeclaration.m */ = {isa = PBXFileReference; fileEncoding = 4; lastKnownFileType = sourcecode.c.objc; path = SVGStyleDeclaration.m; sourceTree = "<group>"; };
		AE9999811499FD7E00DA64D1 /* SVGTransformableProtocol.h */ = {isa = PBXFileReference; fileEncoding = 4; lastKnownFileType = sourcecode.c.h; path = SVGTransformableProtocol.h; sourceTree = "<group>"; };
		AE9999821499FD7E00DA64D1 /* CGPathAdditions.h */ = {isa = PBXFileReference; fileEncoding = 4; lastKnownFileType = sourcecode.c.h; path = CGPathAdditions.h; sourceTree = "<group>"; };
		AE9999831499FD7E00DA64D1 /* CGPathAdditions.m */ = {isa = PBXFileReference; fileEncoding = 4; lastKnownFileType = sourcecode.c.objc; path = CGPathAdditions.m; sourceTree = "<group>"; };
		AE9999851499FD7E00DA64D1 /* SVGImageElement.h */ = {isa = PBXFileReference; fileEncoding = 4; lastKnownFileType = sourcecode.c.h; path = SVGImageElement.h; sourceTree = "<group>"; };
		AE9999861499FD7E00DA64D1 /* SVGImageElement.m */ = {isa = PBXFileReference; fileEncoding = 4; lastKnownFileType = sourcecode.c.objc; path = SVGImageElement.m; sourceTree = "<group>"; };
		AE9999881499FD7E00DA64D1 /* SVGParser.h */ = {isa = PBXFileReference; fileEncoding = 4; lastKnownFileType = sourcecode.c.h; path = SVGParser.h; sourceTree = "<group>"; };
		AE9999891499FD7E00DA64D1 /* SVGParser.m */ = {isa = PBXFileReference; fileEncoding = 4; lastKnownFileType = sourcecode.c.objc; path = SVGParser.m; sourceTree = "<group>"; };
		AE99998B1499FD7E00DA64D1 /* SVGPathElement.h */ = {isa = PBXFileReference; fileEncoding = 4; lastKnownFileType = sourcecode.c.h; path = SVGPathElement.h; sourceTree = "<group>"; };
		AE99998C1499FD7E00DA64D1 /* SVGPathElement.m */ = {isa = PBXFileReference; fileEncoding = 4; lastKnownFileType = sourcecode.c.objc; path = SVGPathElement.m; sourceTree = "<group>"; };
		AE99998E1499FD7E00DA64D1 /* SVGCircleElement.h */ = {isa = PBXFileReference; fileEncoding = 4; lastKnownFileType = sourcecode.c.h; path = SVGCircleElement.h; sourceTree = "<group>"; };
		AE99998F1499FD7E00DA64D1 /* SVGCircleElement.m */ = {isa = PBXFileReference; fileEncoding = 4; lastKnownFileType = sourcecode.c.objc; path = SVGCircleElement.m; sourceTree = "<group>"; };
		AE9999901499FD7E00DA64D1 /* SVGEllipseElement.h */ = {isa = PBXFileReference; fileEncoding = 4; lastKnownFileType = sourcecode.c.h; path = SVGEllipseElement.h; sourceTree = "<group>"; };
		AE9999911499FD7E00DA64D1 /* SVGEllipseElement.m */ = {isa = PBXFileReference; fileEncoding = 4; lastKnownFileType = sourcecode.c.objc; path = SVGEllipseElement.m; sourceTree = "<group>"; };
		AE9999921499FD7E00DA64D1 /* SVGLineElement.h */ = {isa = PBXFileReference; fileEncoding = 4; lastKnownFileType = sourcecode.c.h; path = SVGLineElement.h; sourceTree = "<group>"; };
		AE9999931499FD7E00DA64D1 /* SVGLineElement.m */ = {isa = PBXFileReference; fileEncoding = 4; lastKnownFileType = sourcecode.c.objc; path = SVGLineElement.m; sourceTree = "<group>"; };
		AE9999941499FD7E00DA64D1 /* SVGPolygonElement.h */ = {isa = PBXFileReference; fileEncoding = 4; lastKnownFileType = sourcecode.c.h; path = SVGPolygonElement.h; sourceTree = "<group>"; };
		AE9999951499FD7E00DA64D1 /* SVGPolygonElement.m */ = {isa = PBXFileReference; fileEncoding = 4; lastKnownFileType = sourcecode.c.objc; path = SVGPolygonElement.m; sourceTree = "<group>"; };
		AE9999961499FD7E00DA64D1 /* SVGPolylineElement.h */ = {isa = PBXFileReference; fileEncoding = 4; lastKnownFileType = sourcecode.c.h; path = SVGPolylineElement.h; sourceTree = "<group>"; };
		AE9999971499FD7E00DA64D1 /* SVGPolylineElement.m */ = {isa = PBXFileReference; fileEncoding = 4; lastKnownFileType = sourcecode.c.objc; path = SVGPolylineElement.m; sourceTree = "<group>"; };
		AE9999981499FD7E00DA64D1 /* SVGRectElement.h */ = {isa = PBXFileReference; fileEncoding = 4; lastKnownFileType = sourcecode.c.h; path = SVGRectElement.h; sourceTree = "<group>"; };
		AE9999991499FD7E00DA64D1 /* SVGRectElement.m */ = {isa = PBXFileReference; fileEncoding = 4; lastKnownFileType = sourcecode.c.objc; path = SVGRectElement.m; sourceTree = "<group>"; };
		AE99999A1499FD7E00DA64D1 /* SVGDefsElement.h */ = {isa = PBXFileReference; fileEncoding = 4; lastKnownFileType = sourcecode.c.h; path = SVGDefsElement.h; sourceTree = "<group>"; };
		AE99999B1499FD7E00DA64D1 /* SVGDefsElement.m */ = {isa = PBXFileReference; fileEncoding = 4; lastKnownFileType = sourcecode.c.objc; path = SVGDefsElement.m; sourceTree = "<group>"; };
		AE99999C1499FD7E00DA64D1 /* SVGDescriptionElement.h */ = {isa = PBXFileReference; fileEncoding = 4; lastKnownFileType = sourcecode.c.h; path = SVGDescriptionElement.h; sourceTree = "<group>"; };
		AE99999D1499FD7E00DA64D1 /* SVGDescriptionElement.m */ = {isa = PBXFileReference; fileEncoding = 4; lastKnownFileType = sourcecode.c.objc; path = SVGDescriptionElement.m; sourceTree = "<group>"; };
		AE99999E1499FD7E00DA64D1 /* SVGDocument.h */ = {isa = PBXFileReference; fileEncoding = 4; lastKnownFileType = sourcecode.c.h; path = SVGDocument.h; sourceTree = "<group>"; };
		AE99999F1499FD7E00DA64D1 /* SVGDocument.m */ = {isa = PBXFileReference; fileEncoding = 4; lastKnownFileType = sourcecode.c.objc; path = SVGDocument.m; sourceTree = "<group>"; };
		AE9999A01499FD7E00DA64D1 /* SVGElement+Private.h */ = {isa = PBXFileReference; fileEncoding = 4; lastKnownFileType = sourcecode.c.h; path = "SVGElement+Private.h"; sourceTree = "<group>"; };
		AE9999A11499FD7E00DA64D1 /* SVGElement.h */ = {isa = PBXFileReference; fileEncoding = 4; lastKnownFileType = sourcecode.c.h; path = SVGElement.h; sourceTree = "<group>"; };
		AE9999A21499FD7E00DA64D1 /* SVGElement.m */ = {isa = PBXFileReference; fileEncoding = 4; lastKnownFileType = sourcecode.c.objc; path = SVGElement.m; sourceTree = "<group>"; };
		AE9999A31499FD7E00DA64D1 /* SVGGroupElement.h */ = {isa = PBXFileReference; fileEncoding = 4; lastKnownFileType = sourcecode.c.h; path = SVGGroupElement.h; sourceTree = "<group>"; };
		AE9999A41499FD7E00DA64D1 /* SVGGroupElement.m */ = {isa = PBXFileReference; fileEncoding = 4; lastKnownFileType = sourcecode.c.objc; path = SVGGroupElement.m; sourceTree = "<group>"; };
		AE9999A51499FD7E00DA64D1 /* SVGKit.h */ = {isa = PBXFileReference; fileEncoding = 4; lastKnownFileType = sourcecode.c.h; path = SVGKit.h; sourceTree = "<group>"; };
		AE9999A61499FD7E00DA64D1 /* SVGShapeElement+Private.h */ = {isa = PBXFileReference; fileEncoding = 4; lastKnownFileType = sourcecode.c.h; path = "SVGShapeElement+Private.h"; sourceTree = "<group>"; };
		AE9999A71499FD7E00DA64D1 /* SVGShapeElement.h */ = {isa = PBXFileReference; fileEncoding = 4; lastKnownFileType = sourcecode.c.h; path = SVGShapeElement.h; sourceTree = "<group>"; };
		AE9999A81499FD7E00DA64D1 /* SVGShapeElement.m */ = {isa = PBXFileReference; fileEncoding = 4; lastKnownFileType = sourcecode.c.objc; path = SVGShapeElement.m; sourceTree = "<group>"; };
		AE9999A91499FD7E00DA64D1 /* SVGTests.h */ = {isa = PBXFileReference; fileEncoding = 4; lastKnownFileType = sourcecode.c.h; path = SVGTests.h; sourceTree = "<group>"; };
		AE9999AA1499FD7E00DA64D1 /* SVGTitleElement.h */ = {isa = PBXFileReference; fileEncoding = 4; lastKnownFileType = sourcecode.c.h; path = SVGTitleElement.h; sourceTree = "<group>"; };
		AE9999AB1499FD7E00DA64D1 /* SVGTitleElement.m */ = {isa = PBXFileReference; fileEncoding = 4; lastKnownFileType = sourcecode.c.objc; path = SVGTitleElement.m; sourceTree = "<group>"; };
		AE9999AC1499FD7E00DA64D1 /* SVGUtils.h */ = {isa = PBXFileReference; fileEncoding = 4; lastKnownFileType = sourcecode.c.h; path = SVGUtils.h; sourceTree = "<group>"; };
		AE9999AD1499FD7E00DA64D1 /* SVGUtils.m */ = {isa = PBXFileReference; fileEncoding = 4; lastKnownFileType = sourcecode.c.objc; path = SVGUtils.m; sourceTree = "<group>"; };
		AE9999AF1499FD7E00DA64D1 /* SVGTextElement.h */ = {isa = PBXFileReference; fileEncoding = 4; lastKnownFileType = sourcecode.c.h; path = SVGTextElement.h; sourceTree = "<group>"; };
		AE9999B01499FD7E00DA64D1 /* SVGTextElement.m */ = {isa = PBXFileReference; fileEncoding = 4; lastKnownFileType = sourcecode.c.objc; path = SVGTextElement.m; sourceTree = "<group>"; };
		AE9999B11499FD7E00DA64D1 /* SVGTSpanElement.h */ = {isa = PBXFileReference; fileEncoding = 4; lastKnownFileType = sourcecode.c.h; path = SVGTSpanElement.h; sourceTree = "<group>"; };
		AE9999B21499FD7E00DA64D1 /* SVGTSpanElement.m */ = {isa = PBXFileReference; fileEncoding = 4; lastKnownFileType = sourcecode.c.objc; path = SVGTSpanElement.m; sourceTree = "<group>"; };
		AE9999B41499FD7E00DA64D1 /* SVGBackgroundLayer.h */ = {isa = PBXFileReference; fileEncoding = 4; lastKnownFileType = sourcecode.c.h; path = SVGBackgroundLayer.h; sourceTree = "<group>"; };
		AE9999B51499FD7E00DA64D1 /* SVGBackgroundLayer.m */ = {isa = PBXFileReference; fileEncoding = 4; lastKnownFileType = sourcecode.c.objc; path = SVGBackgroundLayer.m; sourceTree = "<group>"; };
		AE9999B61499FD7E00DA64D1 /* SVGElementLayer.h */ = {isa = PBXFileReference; fileEncoding = 4; lastKnownFileType = sourcecode.c.h; path = SVGElementLayer.h; sourceTree = "<group>"; };
		AE9999B71499FD7E00DA64D1 /* SVGElementLayer.m */ = {isa = PBXFileReference; fileEncoding = 4; lastKnownFileType = sourcecode.c.objc; path = SVGElementLayer.m; sourceTree = "<group>"; };
		AE9999B81499FD7E00DA64D1 /* SVGTiledLayer.h */ = {isa = PBXFileReference; fileEncoding = 4; lastKnownFileType = sourcecode.c.h; path = SVGTiledLayer.h; sourceTree = "<group>"; };
		AE9999B91499FD7E00DA64D1 /* SVGTiledLayer.m */ = {isa = PBXFileReference; fileEncoding = 4; lastKnownFileType = sourcecode.c.objc; path = SVGTiledLayer.m; sourceTree = "<group>"; };
		AE9999BA1499FD7E00DA64D1 /* SVGView.h */ = {isa = PBXFileReference; fileEncoding = 4; lastKnownFileType = sourcecode.c.h; path = SVGView.h; sourceTree = "<group>"; };
		AE9999BB1499FD7E00DA64D1 /* SVGView.m */ = {isa = PBXFileReference; fileEncoding = 4; lastKnownFileType = sourcecode.c.objc; path = SVGView.m; sourceTree = "<group>"; };
		AE9999F81499FDD900DA64D1 /* QuartzCore.framework */ = {isa = PBXFileReference; lastKnownFileType = wrapper.framework; name = QuartzCore.framework; path = System/Library/Frameworks/QuartzCore.framework; sourceTree = SDKROOT; };
		AE9999FA1499FDF100DA64D1 /* CoreGraphics.framework */ = {isa = PBXFileReference; lastKnownFileType = wrapper.framework; name = CoreGraphics.framework; path = System/Library/Frameworks/CoreGraphics.framework; sourceTree = SDKROOT; };
		AE999A001499FEA300DA64D1 /* UIKit.framework */ = {isa = PBXFileReference; lastKnownFileType = wrapper.framework; name = UIKit.framework; path = System/Library/Frameworks/UIKit.framework; sourceTree = SDKROOT; };
/* End PBXFileReference section */

/* Begin PBXFrameworksBuildPhase section */
		AE9999611499FCF100DA64D1 /* Frameworks */ = {
			isa = PBXFrameworksBuildPhase;
			buildActionMask = 2147483647;
			files = (
				AE999A011499FEA300DA64D1 /* UIKit.framework in Frameworks */,
				AE9999FB1499FDF100DA64D1 /* CoreGraphics.framework in Frameworks */,
				AE9999F91499FDD900DA64D1 /* QuartzCore.framework in Frameworks */,
				AE9999681499FCF100DA64D1 /* Foundation.framework in Frameworks */,
			);
			runOnlyForDeploymentPostprocessing = 0;
		};
/* End PBXFrameworksBuildPhase section */

/* Begin PBXGroup section */
		AE9999591499FCF100DA64D1 = {
			isa = PBXGroup;
			children = (
				AE9999691499FCF100DA64D1 /* SVGKit */,
				AE9999661499FCF100DA64D1 /* Frameworks */,
				AE9999651499FCF100DA64D1 /* Products */,
			);
			sourceTree = "<group>";
		};
		AE9999651499FCF100DA64D1 /* Products */ = {
			isa = PBXGroup;
			children = (
				AE9999641499FCF100DA64D1 /* libSVGKit.a */,
			);
			name = Products;
			sourceTree = "<group>";
		};
		AE9999661499FCF100DA64D1 /* Frameworks */ = {
			isa = PBXGroup;
			children = (
				AE999A001499FEA300DA64D1 /* UIKit.framework */,
				AE9999FA1499FDF100DA64D1 /* CoreGraphics.framework */,
				AE9999F81499FDD900DA64D1 /* QuartzCore.framework */,
				AE9999671499FCF100DA64D1 /* Foundation.framework */,
			);
			name = Frameworks;
			sourceTree = "<group>";
		};
		AE9999691499FCF100DA64D1 /* SVGKit */ = {
			isa = PBXGroup;
			children = (
				AE9999781499FD7E00DA64D1 /* Core */,
				AE9999B31499FD7E00DA64D1 /* iOS */,
				AE99996A1499FCF100DA64D1 /* Supporting Files */,
			);
			path = SVGKit;
			sourceTree = "<group>";
		};
		AE99996A1499FCF100DA64D1 /* Supporting Files */ = {
			isa = PBXGroup;
			children = (
				AE99996B1499FCF100DA64D1 /* SVGKit-Prefix.pch */,
			);
			name = "Supporting Files";
			sourceTree = "<group>";
		};
		AE9999781499FD7E00DA64D1 /* Core */ = {
			isa = PBXGroup;
			children = (
				AE9999791499FD7E00DA64D1 /* Attributes */,
				AE9999821499FD7E00DA64D1 /* CGPathAdditions.h */,
				AE9999831499FD7E00DA64D1 /* CGPathAdditions.m */,
				AE9999841499FD7E00DA64D1 /* Image */,
				AE9999871499FD7E00DA64D1 /* Parser */,
				AE99998A1499FD7E00DA64D1 /* Path */,
				AE99998D1499FD7E00DA64D1 /* Shape */,
				AE99999A1499FD7E00DA64D1 /* SVGDefsElement.h */,
				AE99999B1499FD7E00DA64D1 /* SVGDefsElement.m */,
				AE99999C1499FD7E00DA64D1 /* SVGDescriptionElement.h */,
				AE99999D1499FD7E00DA64D1 /* SVGDescriptionElement.m */,
				AE99999E1499FD7E00DA64D1 /* SVGDocument.h */,
				AE99999F1499FD7E00DA64D1 /* SVGDocument.m */,
				AE9999A01499FD7E00DA64D1 /* SVGElement+Private.h */,
				AE9999A11499FD7E00DA64D1 /* SVGElement.h */,
				AE9999A21499FD7E00DA64D1 /* SVGElement.m */,
				AE9999A31499FD7E00DA64D1 /* SVGGroupElement.h */,
				AE9999A41499FD7E00DA64D1 /* SVGGroupElement.m */,
				AE9999A51499FD7E00DA64D1 /* SVGKit.h */,
				AE9999A61499FD7E00DA64D1 /* SVGShapeElement+Private.h */,
				AE9999A71499FD7E00DA64D1 /* SVGShapeElement.h */,
				AE9999A81499FD7E00DA64D1 /* SVGShapeElement.m */,
				AE9999A91499FD7E00DA64D1 /* SVGTests.h */,
				AE9999AA1499FD7E00DA64D1 /* SVGTitleElement.h */,
				AE9999AB1499FD7E00DA64D1 /* SVGTitleElement.m */,
				AE9999AC1499FD7E00DA64D1 /* SVGUtils.h */,
				AE9999AD1499FD7E00DA64D1 /* SVGUtils.m */,
				AE9999AE1499FD7E00DA64D1 /* Text */,
			);
			path = Core;
			sourceTree = SOURCE_ROOT;
		};
		AE9999791499FD7E00DA64D1 /* Attributes */ = {
			isa = PBXGroup;
			children = (
				AE99997A1499FD7E00DA64D1 /* SVGLocatable.h */,
				AE99997B1499FD7E00DA64D1 /* SVGLocatable.m */,
				AE99997C1499FD7E00DA64D1 /* SVGPattern.h */,
				AE99997D1499FD7E00DA64D1 /* SVGPattern.m */,
				AE99997E1499FD7E00DA64D1 /* SVGStylableProtocol.h */,
				AE99997F1499FD7E00DA64D1 /* SVGStyleDeclaration.h */,
				AE9999801499FD7E00DA64D1 /* SVGStyleDeclaration.m */,
				AE9999811499FD7E00DA64D1 /* SVGTransformableProtocol.h */,
			);
			path = Attributes;
			sourceTree = "<group>";
		};
		AE9999841499FD7E00DA64D1 /* Image */ = {
			isa = PBXGroup;
			children = (
				AE9999851499FD7E00DA64D1 /* SVGImageElement.h */,
				AE9999861499FD7E00DA64D1 /* SVGImageElement.m */,
			);
			path = Image;
			sourceTree = "<group>";
		};
		AE9999871499FD7E00DA64D1 /* Parser */ = {
			isa = PBXGroup;
			children = (
				AE9999881499FD7E00DA64D1 /* SVGParser.h */,
				AE9999891499FD7E00DA64D1 /* SVGParser.m */,
			);
			path = Parser;
			sourceTree = "<group>";
		};
		AE99998A1499FD7E00DA64D1 /* Path */ = {
			isa = PBXGroup;
			children = (
				AE99998B1499FD7E00DA64D1 /* SVGPathElement.h */,
				AE99998C1499FD7E00DA64D1 /* SVGPathElement.m */,
			);
			path = Path;
			sourceTree = "<group>";
		};
		AE99998D1499FD7E00DA64D1 /* Shape */ = {
			isa = PBXGroup;
			children = (
				AE99998E1499FD7E00DA64D1 /* SVGCircleElement.h */,
				AE99998F1499FD7E00DA64D1 /* SVGCircleElement.m */,
				AE9999901499FD7E00DA64D1 /* SVGEllipseElement.h */,
				AE9999911499FD7E00DA64D1 /* SVGEllipseElement.m */,
				AE9999921499FD7E00DA64D1 /* SVGLineElement.h */,
				AE9999931499FD7E00DA64D1 /* SVGLineElement.m */,
				AE9999941499FD7E00DA64D1 /* SVGPolygonElement.h */,
				AE9999951499FD7E00DA64D1 /* SVGPolygonElement.m */,
				AE9999961499FD7E00DA64D1 /* SVGPolylineElement.h */,
				AE9999971499FD7E00DA64D1 /* SVGPolylineElement.m */,
				AE9999981499FD7E00DA64D1 /* SVGRectElement.h */,
				AE9999991499FD7E00DA64D1 /* SVGRectElement.m */,
			);
			path = Shape;
			sourceTree = "<group>";
		};
		AE9999AE1499FD7E00DA64D1 /* Text */ = {
			isa = PBXGroup;
			children = (
				AE9999AF1499FD7E00DA64D1 /* SVGTextElement.h */,
				AE9999B01499FD7E00DA64D1 /* SVGTextElement.m */,
				AE9999B11499FD7E00DA64D1 /* SVGTSpanElement.h */,
				AE9999B21499FD7E00DA64D1 /* SVGTSpanElement.m */,
			);
			path = Text;
			sourceTree = "<group>";
		};
		AE9999B31499FD7E00DA64D1 /* iOS */ = {
			isa = PBXGroup;
			children = (
				AE9999B41499FD7E00DA64D1 /* SVGBackgroundLayer.h */,
				AE9999B51499FD7E00DA64D1 /* SVGBackgroundLayer.m */,
				AE9999B61499FD7E00DA64D1 /* SVGElementLayer.h */,
				AE9999B71499FD7E00DA64D1 /* SVGElementLayer.m */,
				AE9999B81499FD7E00DA64D1 /* SVGTiledLayer.h */,
				AE9999B91499FD7E00DA64D1 /* SVGTiledLayer.m */,
				AE9999BA1499FD7E00DA64D1 /* SVGView.h */,
				AE9999BB1499FD7E00DA64D1 /* SVGView.m */,
			);
			path = iOS;
			sourceTree = SOURCE_ROOT;
		};
/* End PBXGroup section */

/* Begin PBXHeadersBuildPhase section */
		AE9999621499FCF100DA64D1 /* Headers */ = {
			isa = PBXHeadersBuildPhase;
			buildActionMask = 2147483647;
			files = (
				AE9999BC1499FD7E00DA64D1 /* SVGLocatable.h in Headers */,
				AE9999BE1499FD7E00DA64D1 /* SVGPattern.h in Headers */,
				AE9999C01499FD7E00DA64D1 /* SVGStylableProtocol.h in Headers */,
				AE9999C11499FD7E00DA64D1 /* SVGStyleDeclaration.h in Headers */,
				AE9999C31499FD7E00DA64D1 /* SVGTransformableProtocol.h in Headers */,
				AE9999C41499FD7E00DA64D1 /* CGPathAdditions.h in Headers */,
				AE9999C61499FD7E00DA64D1 /* SVGImageElement.h in Headers */,
				AE9999C81499FD7E00DA64D1 /* SVGParser.h in Headers */,
				AE9999CA1499FD7E00DA64D1 /* SVGPathElement.h in Headers */,
				AE9999CC1499FD7E00DA64D1 /* SVGCircleElement.h in Headers */,
				AE9999CE1499FD7E00DA64D1 /* SVGEllipseElement.h in Headers */,
				AE9999D01499FD7E00DA64D1 /* SVGLineElement.h in Headers */,
				AE9999D21499FD7E00DA64D1 /* SVGPolygonElement.h in Headers */,
				AE9999D41499FD7E00DA64D1 /* SVGPolylineElement.h in Headers */,
				AE9999D61499FD7E00DA64D1 /* SVGRectElement.h in Headers */,
				AE9999D81499FD7E00DA64D1 /* SVGDefsElement.h in Headers */,
				AE9999DA1499FD7E00DA64D1 /* SVGDescriptionElement.h in Headers */,
				AE9999DC1499FD7E00DA64D1 /* SVGDocument.h in Headers */,
				AE9999DE1499FD7E00DA64D1 /* SVGElement+Private.h in Headers */,
				AE9999DF1499FD7E00DA64D1 /* SVGElement.h in Headers */,
				AE9999E11499FD7E00DA64D1 /* SVGGroupElement.h in Headers */,
				AE9999E31499FD7E00DA64D1 /* SVGKit.h in Headers */,
				AE9999E41499FD7E00DA64D1 /* SVGShapeElement+Private.h in Headers */,
				AE9999E51499FD7E00DA64D1 /* SVGShapeElement.h in Headers */,
				AE9999E71499FD7E00DA64D1 /* SVGTests.h in Headers */,
				AE9999E81499FD7E00DA64D1 /* SVGTitleElement.h in Headers */,
				AE9999EA1499FD7E00DA64D1 /* SVGUtils.h in Headers */,
				AE9999EC1499FD7E00DA64D1 /* SVGTextElement.h in Headers */,
				AE9999EE1499FD7E00DA64D1 /* SVGTSpanElement.h in Headers */,
				AE9999F01499FD7E00DA64D1 /* SVGBackgroundLayer.h in Headers */,
				AE9999F21499FD7E00DA64D1 /* SVGElementLayer.h in Headers */,
				AE9999F41499FD7E00DA64D1 /* SVGTiledLayer.h in Headers */,
				AE9999F61499FD7E00DA64D1 /* SVGView.h in Headers */,
			);
			runOnlyForDeploymentPostprocessing = 0;
		};
/* End PBXHeadersBuildPhase section */

/* Begin PBXNativeTarget section */
		AE9999631499FCF100DA64D1 /* SVGKit */ = {
			isa = PBXNativeTarget;
			buildConfigurationList = AE9999711499FCF100DA64D1 /* Build configuration list for PBXNativeTarget "SVGKit" */;
			buildPhases = (
				AE9999601499FCF100DA64D1 /* Sources */,
				AE9999611499FCF100DA64D1 /* Frameworks */,
				AE9999621499FCF100DA64D1 /* Headers */,
			);
			buildRules = (
			);
			dependencies = (
			);
			name = SVGKit;
			productName = SVGKit;
			productReference = AE9999641499FCF100DA64D1 /* libSVGKit.a */;
			productType = "com.apple.product-type.library.static";
		};
/* End PBXNativeTarget section */

/* Begin PBXProject section */
		AE99995B1499FCF100DA64D1 /* Project object */ = {
			isa = PBXProject;
			attributes = {
				LastUpgradeCheck = 0420;
				ORGANIZATIONNAME = Polidea;
			};
			buildConfigurationList = AE99995E1499FCF100DA64D1 /* Build configuration list for PBXProject "SVGKit" */;
			compatibilityVersion = "Xcode 3.2";
			developmentRegion = English;
			hasScannedForEncodings = 0;
			knownRegions = (
				en,
			);
			mainGroup = AE9999591499FCF100DA64D1;
			productRefGroup = AE9999651499FCF100DA64D1 /* Products */;
			projectDirPath = "";
			projectRoot = "";
			targets = (
				AE9999631499FCF100DA64D1 /* SVGKit */,
			);
		};
/* End PBXProject section */

/* Begin PBXSourcesBuildPhase section */
		AE9999601499FCF100DA64D1 /* Sources */ = {
			isa = PBXSourcesBuildPhase;
			buildActionMask = 2147483647;
			files = (
				AE9999BD1499FD7E00DA64D1 /* SVGLocatable.m in Sources */,
				AE9999BF1499FD7E00DA64D1 /* SVGPattern.m in Sources */,
				AE9999C21499FD7E00DA64D1 /* SVGStyleDeclaration.m in Sources */,
				AE9999C51499FD7E00DA64D1 /* CGPathAdditions.m in Sources */,
				AE9999C71499FD7E00DA64D1 /* SVGImageElement.m in Sources */,
				AE9999C91499FD7E00DA64D1 /* SVGParser.m in Sources */,
				AE9999CB1499FD7E00DA64D1 /* SVGPathElement.m in Sources */,
				AE9999CD1499FD7E00DA64D1 /* SVGCircleElement.m in Sources */,
				AE9999CF1499FD7E00DA64D1 /* SVGEllipseElement.m in Sources */,
				AE9999D11499FD7E00DA64D1 /* SVGLineElement.m in Sources */,
				AE9999D31499FD7E00DA64D1 /* SVGPolygonElement.m in Sources */,
				AE9999D51499FD7E00DA64D1 /* SVGPolylineElement.m in Sources */,
				AE9999D71499FD7E00DA64D1 /* SVGRectElement.m in Sources */,
				AE9999D91499FD7E00DA64D1 /* SVGDefsElement.m in Sources */,
				AE9999DB1499FD7E00DA64D1 /* SVGDescriptionElement.m in Sources */,
				AE9999DD1499FD7E00DA64D1 /* SVGDocument.m in Sources */,
				AE9999E01499FD7E00DA64D1 /* SVGElement.m in Sources */,
				AE9999E21499FD7E00DA64D1 /* SVGGroupElement.m in Sources */,
				AE9999E61499FD7E00DA64D1 /* SVGShapeElement.m in Sources */,
				AE9999E91499FD7E00DA64D1 /* SVGTitleElement.m in Sources */,
				AE9999EB1499FD7E00DA64D1 /* SVGUtils.m in Sources */,
				AE9999ED1499FD7E00DA64D1 /* SVGTextElement.m in Sources */,
				AE9999EF1499FD7E00DA64D1 /* SVGTSpanElement.m in Sources */,
				AE9999F11499FD7E00DA64D1 /* SVGBackgroundLayer.m in Sources */,
				AE9999F31499FD7E00DA64D1 /* SVGElementLayer.m in Sources */,
				AE9999F51499FD7E00DA64D1 /* SVGTiledLayer.m in Sources */,
				AE9999F71499FD7E00DA64D1 /* SVGView.m in Sources */,
			);
			runOnlyForDeploymentPostprocessing = 0;
		};
/* End PBXSourcesBuildPhase section */

/* Begin XCBuildConfiguration section */
		AE99996F1499FCF100DA64D1 /* Debug */ = {
			isa = XCBuildConfiguration;
			buildSettings = {
				ALWAYS_SEARCH_USER_PATHS = NO;
				ARCHS = "$(ARCHS_STANDARD_32_BIT)";
				COPY_PHASE_STRIP = NO;
				GCC_C_LANGUAGE_STANDARD = gnu99;
				GCC_DYNAMIC_NO_PIC = NO;
				GCC_OPTIMIZATION_LEVEL = 0;
				GCC_PREPROCESSOR_DEFINITIONS = (
					"DEBUG=1",
					"$(inherited)",
				);
				GCC_SYMBOLS_PRIVATE_EXTERN = NO;
				GCC_VERSION = com.apple.compilers.llvm.clang.1_0;
				GCC_WARN_ABOUT_MISSING_PROTOTYPES = YES;
				GCC_WARN_ABOUT_RETURN_TYPE = YES;
				GCC_WARN_UNUSED_VARIABLE = YES;
				HEADER_SEARCH_PATHS = /usr/include/libxml2;
				IPHONEOS_DEPLOYMENT_TARGET = 5.0;
				OTHER_LDFLAGS = (
					"-all_load",
					"-ObjC",
					"-lxml2",
				);
				SDKROOT = iphoneos;
			};
			name = Debug;
		};
		AE9999701499FCF100DA64D1 /* Release */ = {
			isa = XCBuildConfiguration;
			buildSettings = {
				ALWAYS_SEARCH_USER_PATHS = NO;
				ARCHS = "$(ARCHS_STANDARD_32_BIT)";
				COPY_PHASE_STRIP = YES;
				GCC_C_LANGUAGE_STANDARD = gnu99;
				GCC_VERSION = com.apple.compilers.llvm.clang.1_0;
				GCC_WARN_ABOUT_MISSING_PROTOTYPES = YES;
				GCC_WARN_ABOUT_RETURN_TYPE = YES;
				GCC_WARN_UNUSED_VARIABLE = YES;
				HEADER_SEARCH_PATHS = /usr/include/libxml2;
				IPHONEOS_DEPLOYMENT_TARGET = 5.0;
				OTHER_LDFLAGS = (
					"-all_load",
					"-ObjC",
					"-lxml2",
				);
				SDKROOT = iphoneos;
				VALIDATE_PRODUCT = YES;
			};
			name = Release;
		};
		AE9999721499FCF100DA64D1 /* Debug */ = {
			isa = XCBuildConfiguration;
			buildSettings = {
				DSTROOT = /tmp/SVGKit.dst;
				GCC_PRECOMPILE_PREFIX_HEADER = YES;
				GCC_PREFIX_HEADER = "SVGKit-Prefix.pch";
				OTHER_LDFLAGS = "-ObjC";
				PRODUCT_NAME = "$(TARGET_NAME)";
				SKIP_INSTALL = YES;
			};
			name = Debug;
		};
		AE9999731499FCF100DA64D1 /* Release */ = {
			isa = XCBuildConfiguration;
			buildSettings = {
				DSTROOT = /tmp/SVGKit.dst;
				GCC_PRECOMPILE_PREFIX_HEADER = YES;
				GCC_PREFIX_HEADER = "SVGKit-Prefix.pch";
				OTHER_LDFLAGS = "-ObjC";
				PRODUCT_NAME = "$(TARGET_NAME)";
				SKIP_INSTALL = YES;
			};
			name = Release;
		};
/* End XCBuildConfiguration section */

/* Begin XCConfigurationList section */
		AE99995E1499FCF100DA64D1 /* Build configuration list for PBXProject "SVGKit" */ = {
			isa = XCConfigurationList;
			buildConfigurations = (
				AE99996F1499FCF100DA64D1 /* Debug */,
				AE9999701499FCF100DA64D1 /* Release */,
			);
			defaultConfigurationIsVisible = 0;
			defaultConfigurationName = Release;
		};
		AE9999711499FCF100DA64D1 /* Build configuration list for PBXNativeTarget "SVGKit" */ = {
			isa = XCConfigurationList;
			buildConfigurations = (
				AE9999721499FCF100DA64D1 /* Debug */,
				AE9999731499FCF100DA64D1 /* Release */,
			);
			defaultConfigurationIsVisible = 0;
			defaultConfigurationName = Release;
		};
/* End XCConfigurationList section */
	};
	rootObject = AE99995B1499FCF100DA64D1 /* Project object */;
}
